<?xml version="1.0" encoding="utf-8"?>
<Project ToolsVersion="4.0" xmlns="http://schemas.microsoft.com/developer/msbuild/2003">
  <ItemGroup>
    <Natvis Include="core.natvis" />
  </ItemGroup>
  <ItemGroup>
    <ClCompile Include="src\core\allocator.cpp" />
    <ClCompile Include="src\core\console.cpp" />
    <ClCompile Include="src\core\debug.cpp" />
    <ClCompile Include="src\core\geometry.cpp" />
    <ClCompile Include="src\core\input.cpp" />
    <ClCompile Include="src\core\maths.cpp" />
    <ClCompile Include="src\core\platformWindows\win_window.cpp" />
    <ClCompile Include="src\core\profiler.cpp" />
    <ClCompile Include="src\core\string_converter.cpp" />
    <ClCompile Include="src\core\utility.cpp" />
    <ClCompile Include="src\core\window.cpp" />
    <ClCompile Include="src\engine.cpp" />
    <ClCompile Include="src\main.cpp" />
    <ClCompile Include="src\renderer\camera.cpp" />
    <ClCompile Include="src\renderer\draw2d.cpp" />
    <ClCompile Include="src\renderer\FontManager.cpp" />
    <ClCompile Include="src\renderer\fontRenderer.cpp" />
    <ClCompile Include="src\renderer\material.cpp" />
    <ClCompile Include="src\renderer\model.cpp" />
    <ClCompile Include="src\renderer\Renderer2D.cpp" />
    <ClCompile Include="src\renderer\RHI\D3D11\D3D11BlendState.cpp" />
    <ClCompile Include="src\renderer\RHI\D3D11\D3D11Buffer.cpp" />
    <ClCompile Include="src\renderer\RHI\D3D11\D3D11Elements.cpp" />
    <ClCompile Include="src\renderer\RHI\D3D11\D3D11Model.cpp" />
    <ClCompile Include="src\renderer\RHI\D3D11\D3D11renderer.cpp" />
    <ClCompile Include="src\renderer\RHI\D3D11\D3D11Sampler.cpp" />
    <ClCompile Include="src\renderer\RHI\D3D11\D3D11Shader.cpp" />
    <ClCompile Include="src\renderer\RHI\D3D11\D3D11Texture.cpp" />
    <ClCompile Include="src\renderer\RHI\RHIBuffer.cpp" />
    <ClCompile Include="src\renderer\RHI\RHIValidation.cpp" />
    <ClCompile Include="src\renderer\textureUtility.cpp" />
    <ClCompile Include="src\spatial\BSPTree.cpp" />
    <ClCompile Include="src\spatial\octree.cpp" />
    <ClCompile Include="src\test\test_draw2d.cpp" />
    <ClCompile Include="src\test\test_draw3d.cpp" />
    <ClCompile Include="src\test\test_font.cpp" />
    <ClCompile Include="src\test\test_imgui.cpp" />
    <ClCompile Include="src\UI\imgui.cpp" />
    <ClCompile Include="thirdParty\aini\aini.cpp" />
    <ClCompile Include="thirdParty\fmt\src\format.cc" />
    <ClCompile Include="thirdParty\fmt\src\os.cc" />
    <ClCompile Include="thirdParty\stb\stb_rect_pack.cpp" />
    <ClCompile Include="thirdParty\stb\stb_truetype.cpp" />
    <ClCompile Include="src\test\test_octree.cpp" />
    <ClCompile Include="src\test\test_bsp.cpp" />
    <ClCompile Include="src\test\test_jobSystem.cpp" />
  </ItemGroup>
  <ItemGroup>
    <ClInclude Include="src\core\aes.hpp" />
    <ClInclude Include="src\core\allocator.hpp" />
    <ClInclude Include="src\core\array.hpp" />
    <ClInclude Include="src\core\circularQueue.hpp" />
    <ClInclude Include="src\core\color.hpp" />
    <ClInclude Include="src\core\console.hpp" />
    <ClInclude Include="src\core\debug.hpp" />
    <ClInclude Include="src\core\debugMath.hpp" />
    <ClInclude Include="src\core\error.hpp" />
    <ClInclude Include="src\core\geometry.hpp" />
    <ClInclude Include="src\core\input.hpp" />
    <ClInclude Include="src\core\jobSystem.hpp" />
    <ClInclude Include="src\core\macro_helpers.hpp" />
    <ClInclude Include="src\core\maths.hpp" />
    <ClInclude Include="src\core\os.hpp" />
    <ClInclude Include="src\core\platformWindows\win_window.hpp" />
    <ClInclude Include="src\core\profiler.hpp" />
    <ClInclude Include="src\core\reflection.hpp" />
    <ClInclude Include="src\core\simd.hpp" />
    <ClInclude Include="src\core\string_converter.hpp" />
    <ClInclude Include="src\core\uniquePtr.hpp" />
    <ClInclude Include="src\core\utility.hpp" />
    <ClInclude Include="src\core\window.hpp" />
    <ClInclude Include="src\engine.hpp" />
    <ClInclude Include="src\renderer\camera.hpp" />
    <ClInclude Include="src\renderer\draw2d.hpp" />
    <ClInclude Include="src\renderer\FontManager.hpp" />
    <ClInclude Include="src\renderer\fontRenderer.hpp" />
    <ClInclude Include="src\renderer\material.hpp" />
    <ClInclude Include="src\renderer\model.hpp" />
    <ClInclude Include="src\renderer\Renderer2D.hpp" />
    <ClInclude Include="src\renderer\RHI\D3D11\D3D11BlendState.hpp" />
    <ClInclude Include="src\renderer\RHI\D3D11\D3D11Buffer.hpp" />
    <ClInclude Include="src\renderer\RHI\D3D11\D3D11Elements.hpp" />
    <ClInclude Include="src\renderer\RHI\D3D11\D3D11Model.hpp" />
    <ClInclude Include="src\renderer\RHI\D3D11\D3D11renderer.hpp" />
    <ClInclude Include="src\renderer\RHI\D3D11\D3D11Sampler.hpp" />
    <ClInclude Include="src\renderer\RHI\D3D11\D3D11Shader.hpp" />
    <ClInclude Include="src\renderer\RHI\D3D11\D3D11Texture.hpp" />
    <ClInclude Include="src\renderer\RHI\RHI.hpp" />
    <ClInclude Include="src\renderer\RHI\RHIBuffer.hpp" />
    <ClInclude Include="src\renderer\RHI\RHIElements.hpp" />
    <ClInclude Include="src\renderer\RHI\RHIRenderContext.hpp" />
    <ClInclude Include="src\renderer\RHI\RHISampler.hpp" />
    <ClInclude Include="src\renderer\RHI\RHIShader.hpp" />
    <ClInclude Include="src\renderer\RHI\RHIShaderReflection.hpp" />
    <ClInclude Include="src\renderer\RHI\RHITexture.hpp" />
    <ClInclude Include="src\renderer\textureUtility.hpp" />
    <ClInclude Include="src\renderer\vertex.hpp" />
    <ClInclude Include="src\spatial\BSPTree.hpp" />
    <ClInclude Include="src\spatial\octree.hpp" />
    <ClInclude Include="src\test\tests.hpp" />
    <ClInclude Include="src\UI\imgui.hpp" />
  </ItemGroup>
</Project>